
Microsoft Visual Studio Solution File, Format Version 12.00
Project("{FAE04EC0-301F-11D3-BF4B-00C04F79EFBC}") = "Velocity.API", "Velocity.API\Velocity.API.csproj", "{6ADFBAAA-08E8-483C-AC77-8BFCC50753A7}"
EndProject
Project("{FAE04EC0-301F-11D3-BF4B-00C04F79EFBC}") = "Velocity.API.Tests", "Velocity.API.Tests\Velocity.API.Tests.csproj", "{4D9D8B3C-1416-4D55-A3E1-1264D9E61AD1}"
EndProject
Global
	GlobalSection(SolutionConfigurationPlatforms) = preSolution
		Debug|Any CPU = Debug|Any CPU
		Release|Any CPU = Release|Any CPU
	EndGlobalSection
	GlobalSection(ProjectConfigurationPlatforms) = postSolution
		{6ADFBAAA-08E8-483C-AC77-8BFCC50753A7}.Debug|Any CPU.ActiveCfg = Debug|Any CPU
		{6ADFBAAA-08E8-483C-AC77-8BFCC50753A7}.Debug|Any CPU.Build.0 = Debug|Any CPU
		{6ADFBAAA-08E8-483C-AC77-8BFCC50753A7}.Release|Any CPU.ActiveCfg = Release|Any CPU
		{6ADFBAAA-08E8-483C-AC77-8BFCC50753A7}.Release|Any CPU.Build.0 = Release|Any CPU
		{4D9D8B3C-1416-4D55-A3E1-1264D9E61AD1}.Debug|Any CPU.ActiveCfg = Debug|Any CPU
		{4D9D8B3C-1416-4D55-A3E1-1264D9E61AD1}.Debug|Any CPU.Build.0 = Debug|Any CPU
		{4D9D8B3C-1416-4D55-A3E1-1264D9E61AD1}.Release|Any CPU.ActiveCfg = Release|Any CPU
		{4D9D8B3C-1416-4D55-A3E1-1264D9E61AD1}.Release|Any CPU.Build.0 = Release|Any CPU
	EndGlobalSection
EndGlobal
